
Microsoft Visual Studio Solution File, Format Version 12.00
# Visual Studio Version 17
VisualStudioVersion = 17.13.35931.197 d17.13
MinimumVisualStudioVersion = 10.0.40219.1
Project("{FAE04EC0-301F-11D3-BF4B-00C04F79EFBC}") = "RepositoryManager", "RepositoryManager\RepositoryManager.csproj", "{80292E14-301F-49B6-8BCB-366D559000D9}"
EndProject
Global
	GlobalSection(SolutionConfigurationPlatforms) = preSolution
		Debug|Any CPU = Debug|Any CPU
		Release|Any CPU = Release|Any CPU
	EndGlobalSection
	GlobalSection(ProjectConfigurationPlatforms) = postSolution
		{80292E14-301F-49B6-8BCB-366D559000D9}.Debug|Any CPU.ActiveCfg = Debug|Any CPU
		{80292E14-301F-49B6-8BCB-366D559000D9}.Debug|Any CPU.Build.0 = Debug|Any CPU
		{80292E14-301F-49B6-8BCB-366D559000D9}.Release|Any CPU.ActiveCfg = Release|Any CPU
		{80292E14-301F-49B6-8BCB-366D559000D9}.Release|Any CPU.Build.0 = Release|Any CPU
	EndGlobalSection
	GlobalSection(SolutionProperties) = preSolution
		HideSolutionNode = FALSE
	EndGlobalSection
	GlobalSection(ExtensibilityGlobals) = postSolution
		SolutionGuid = {94435A64-131E-403C-AC7C-ABEDBCC074BB}
	EndGlobalSection
EndGlobal
